PODS:
  - FBSnapshotTestCase (2.1.2):
    - FBSnapshotTestCase/SwiftSupport (= 2.1.2)
  - FBSnapshotTestCase/Core (2.1.2)
  - FBSnapshotTestCase/SwiftSupport (2.1.2):
    - FBSnapshotTestCase/Core

DEPENDENCIES:
  - FBSnapshotTestCase

SPEC CHECKSUMS:
  FBSnapshotTestCase: 918c55861356ee83aee7843d759f55a18ff6982b

PODFILE CHECKSUM: 3ea56789b51fa4f0e329c75f6dffa2d8e6d0feae

COCOAPODS: 1.0.1
